
Microsoft Visual Studio Solution File, Format Version 12.00
# Visual Studio Version 17
VisualStudioVersion = 17.12.35514.174 d17.12
MinimumVisualStudioVersion = 10.0.40219.1
Project("{FAE04EC0-301F-11D3-BF4B-00C04F79EFBC}") = "Patient.Web", "Patient.Web\Patient.Web.csproj", "{A5EE9901-397F-4CDA-9EB4-E587BD519AAD}"
EndProject
Project("{FAE04EC0-301F-11D3-BF4B-00C04F79EFBC}") = "Patient.Data", "Patient.Data\Patient.Data.csproj", "{014B85A8-EBD8-4928-A050-46E2261E371A}"
EndProject
Project("{FAE04EC0-301F-11D3-BF4B-00C04F79EFBC}") = "Patient.Infrastructure", "Patient.Infrastructure\Patient.Infrastructure.csproj", "{D85DCF3C-4C9F-4231-AF1F-516889E08049}"
EndProject
Global
	GlobalSection(SolutionConfigurationPlatforms) = preSolution
		Debug|Any CPU = Debug|Any CPU
		Release|Any CPU = Release|Any CPU
	EndGlobalSection
	GlobalSection(ProjectConfigurationPlatforms) = postSolution
		{A5EE9901-397F-4CDA-9EB4-E587BD519AAD}.Debug|Any CPU.ActiveCfg = Debug|Any CPU
		{A5EE9901-397F-4CDA-9EB4-E587BD519AAD}.Debug|Any CPU.Build.0 = Debug|Any CPU
		{A5EE9901-397F-4CDA-9EB4-E587BD519AAD}.Release|Any CPU.ActiveCfg = Release|Any CPU
		{A5EE9901-397F-4CDA-9EB4-E587BD519AAD}.Release|Any CPU.Build.0 = Release|Any CPU
		{014B85A8-EBD8-4928-A050-46E2261E371A}.Debug|Any CPU.ActiveCfg = Debug|Any CPU
		{014B85A8-EBD8-4928-A050-46E2261E371A}.Debug|Any CPU.Build.0 = Debug|Any CPU
		{014B85A8-EBD8-4928-A050-46E2261E371A}.Release|Any CPU.ActiveCfg = Release|Any CPU
		{014B85A8-EBD8-4928-A050-46E2261E371A}.Release|Any CPU.Build.0 = Release|Any CPU
		{D85DCF3C-4C9F-4231-AF1F-516889E08049}.Debug|Any CPU.ActiveCfg = Debug|Any CPU
		{D85DCF3C-4C9F-4231-AF1F-516889E08049}.Debug|Any CPU.Build.0 = Debug|Any CPU
		{D85DCF3C-4C9F-4231-AF1F-516889E08049}.Release|Any CPU.ActiveCfg = Release|Any CPU
		{D85DCF3C-4C9F-4231-AF1F-516889E08049}.Release|Any CPU.Build.0 = Release|Any CPU
	EndGlobalSection
	GlobalSection(SolutionProperties) = preSolution
		HideSolutionNode = FALSE
	EndGlobalSection
EndGlobal
